
Microsoft Visual Studio Solution File, Format Version 12.00
# Visual Studio Version 16
VisualStudioVersion = 16.0.32002.261
MinimumVisualStudioVersion = 10.0.40219.1
Project("{9A19103F-16F7-4668-BE54-9A1E7A4F7556}") = "perma-garden-app", "perma-garden-app.csproj", "{C277118B-A3AC-45E0-8B19-C7A495B90AAD}"
EndProject
Global
	GlobalSection(SolutionConfigurationPlatforms) = preSolution
		Debug|Any CPU = Debug|Any CPU
		Release|Any CPU = Release|Any CPU
	EndGlobalSection
	GlobalSection(ProjectConfigurationPlatforms) = postSolution
		{C277118B-A3AC-45E0-8B19-C7A495B90AAD}.Debug|Any CPU.ActiveCfg = Debug|Any CPU
		{C277118B-A3AC-45E0-8B19-C7A495B90AAD}.Debug|Any CPU.Build.0 = Debug|Any CPU
		{C277118B-A3AC-45E0-8B19-C7A495B90AAD}.Release|Any CPU.ActiveCfg = Release|Any CPU
		{C277118B-A3AC-45E0-8B19-C7A495B90AAD}.Release|Any CPU.Build.0 = Release|Any CPU
	EndGlobalSection
	GlobalSection(SolutionProperties) = preSolution
		HideSolutionNode = FALSE
	EndGlobalSection
	GlobalSection(ExtensibilityGlobals) = postSolution
		SolutionGuid = {BB474B85-E617-462B-BB90-0FDF34902ECF}
	EndGlobalSection
EndGlobal
